
Microsoft Visual Studio Solution File, Format Version 11.00
# Visual Studio 2010
Project("{FAE04EC0-301F-11D3-BF4B-00C04F79EFBC}") = "Northwind.Service", "Northwind.Service\Northwind.Service.csproj", "{ECE470FB-5707-4CF7-AF81-B07A01E43EF8}"
EndProject
Project("{FAE04EC0-301F-11D3-BF4B-00C04F79EFBC}") = "Northwind.EntityFramework.ModelFirst.MsSql", "Northwind.EntityFramework.ModelFirst.MsSql\Northwind.EntityFramework.ModelFirst.MsSql.csproj", "{1CD02985-B811-48BD-B740-FDE33DD13CE9}"
EndProject
Project("{FAE04EC0-301F-11D3-BF4B-00C04F79EFBC}") = "Northwind.NHibernate.MsSql", "Northwind.NHibernate.MsSql\Northwind.NHibernate.MsSql.csproj", "{1B1A12B5-4376-4EAC-B1C0-C65753A6F146}"
EndProject
Project("{FAE04EC0-301F-11D3-BF4B-00C04F79EFBC}") = "Northwind.EntityFramework.ModelFirst.Oracle", "Northwind.EntityFramework.ModelFirst.Oracle\Northwind.EntityFramework.ModelFirst.Oracle.csproj", "{F36483F1-C9FD-4DC0-822F-172FBFFEBE03}"
EndProject
Project("{FAE04EC0-301F-11D3-BF4B-00C04F79EFBC}") = "Northwind.EntityFramework.CodeFirst.MsSql", "Northwind.EntityFramework.CodeFirst.MsSql\Northwind.EntityFramework.CodeFirst.MsSql.csproj", "{0CFBE6EB-DFA0-416C-8484-16CC7BF42F61}"
EndProject
Project("{FAE04EC0-301F-11D3-BF4B-00C04F79EFBC}") = "Northwind.ModelTests", "Northwind.ModelTests\Northwind.ModelTests.csproj", "{4F7BDE7C-3CC9-47E4-8DA6-A32CA04D1056}"
EndProject
Project("{FAE04EC0-301F-11D3-BF4B-00C04F79EFBC}") = "Northwind.ServiceTests", "Northwind.ServiceTests\Northwind.ServiceTests.csproj", "{632AB373-8C60-499F-AF0E-EF9348E3B0E1}"
EndProject
Project("{2150E333-8FDC-42A3-9474-1A3956D46DE8}") = "Solution Items", "Solution Items", "{D0D2CB2F-C630-4ABF-A298-3744D1CC44E6}"
	ProjectSection(SolutionItems) = preProject
		ConnectionStrings.config = ConnectionStrings.config
		Northwind.MsSql.sql = Northwind.MsSql.sql
		Northwind.Oracle.sql = Northwind.Oracle.sql
	EndProjectSection
EndProject
Project("{FAE04EC0-301F-11D3-BF4B-00C04F79EFBC}") = "Northwind.InMemory", "Northwind.InMemory\Northwind.InMemory.csproj", "{2A909E4D-6493-4D36-9FDE-786B89F9A387}"
EndProject
Project("{FAE04EC0-301F-11D3-BF4B-00C04F79EFBC}") = "Northwind.Utils", "Northwind.Utils\Northwind.Utils.csproj", "{06D8931D-3B62-4DFB-8CE3-F1FD70BE0798}"
EndProject
Project("{FAE04EC0-301F-11D3-BF4B-00C04F79EFBC}") = "Northwind.EntityFramework.CodeFirst.Oracle", "Northwind.EntityFramework.CodeFirst.Oracle\Northwind.EntityFramework.CodeFirst.Oracle.csproj", "{A2E56718-3D0F-41A6-AD16-FDABAFE35124}"
EndProject
Project("{FAE04EC0-301F-11D3-BF4B-00C04F79EFBC}") = "Northwind.EntityFramework.ModelFirst.All", "Northwind.EntityFramework.ModelFirst.All\Northwind.EntityFramework.ModelFirst.All.csproj", "{9F56D3C2-4085-4D85-B363-D30D0122038B}"
EndProject
Project("{FAE04EC0-301F-11D3-BF4B-00C04F79EFBC}") = "Northwind.EntityFramework.CodeFirst.Entities", "Northwind.EntityFramework.CodeFirst.Entities\Northwind.EntityFramework.CodeFirst.Entities.csproj", "{369FC2FF-B783-436E-B860-1FC4FD6A0908}"
EndProject
Project("{FAE04EC0-301F-11D3-BF4B-00C04F79EFBC}") = "DataServiceProvider", "DataServiceProvider\DataServiceProvider.csproj", "{6B6D1F18-EABE-4219-B86A-D18FB61C9DE0}"
EndProject
Project("{FAE04EC0-301F-11D3-BF4B-00C04F79EFBC}") = "Northwind.Mongo", "Northwind.Mongo\Northwind.Mongo.csproj", "{7A1B3F9D-ED52-472E-9F1A-F3A8DA76CA34}"
EndProject
Project("{FAE04EC0-301F-11D3-BF4B-00C04F79EFBC}") = "Northwind.Mongo.Service", "Northwind.Mongo.Service\Northwind.Mongo.Service.csproj", "{C9BD8098-E922-4F22-9BCC-223070F1CA39}"
EndProject
Project("{2150E333-8FDC-42A3-9474-1A3956D46DE8}") = "Entity Framework Contexts", "Entity Framework Contexts", "{5535925D-D6B8-42CE-BC61-16C468070D8F}"
EndProject
Project("{2150E333-8FDC-42A3-9474-1A3956D46DE8}") = "Reflection Contexts", "Reflection Contexts", "{B383AC52-DEB0-4D04-A2C5-49AAF9E1D048}"
EndProject
Project("{2150E333-8FDC-42A3-9474-1A3956D46DE8}") = "Custom Contexts", "Custom Contexts", "{E9E97FCB-1596-4704-B9FF-251FADB71B00}"
EndProject
Project("{2150E333-8FDC-42A3-9474-1A3956D46DE8}") = "Tests", "Tests", "{D3749B5D-612D-4CD7-A1DF-B37D7DC884CE}"
EndProject
Project("{FAE04EC0-301F-11D3-BF4B-00C04F79EFBC}") = "Northwind.Mongo.Entities", "Northwind.Mongo.Entities\Northwind.Mongo.Entities.csproj", "{3C63EE66-659F-46A5-9092-DE4C5E02FAED}"
EndProject
Project("{FAE04EC0-301F-11D3-BF4B-00C04F79EFBC}") = "Northwind.Mongo.Service.Tests", "Northwind.Mongo.Service.Tests\Northwind.Mongo.Service.Tests.csproj", "{8C580647-C8E4-40A3-ACF3-E35387E08225}"
EndProject
Global
	GlobalSection(SolutionConfigurationPlatforms) = preSolution
		Debug|Any CPU = Debug|Any CPU
		Release|Any CPU = Release|Any CPU
	EndGlobalSection
	GlobalSection(ProjectConfigurationPlatforms) = postSolution
		{ECE470FB-5707-4CF7-AF81-B07A01E43EF8}.Debug|Any CPU.ActiveCfg = Debug|Any CPU
		{ECE470FB-5707-4CF7-AF81-B07A01E43EF8}.Debug|Any CPU.Build.0 = Debug|Any CPU
		{ECE470FB-5707-4CF7-AF81-B07A01E43EF8}.Release|Any CPU.ActiveCfg = Release|Any CPU
		{ECE470FB-5707-4CF7-AF81-B07A01E43EF8}.Release|Any CPU.Build.0 = Release|Any CPU
		{1CD02985-B811-48BD-B740-FDE33DD13CE9}.Debug|Any CPU.ActiveCfg = Debug|Any CPU
		{1CD02985-B811-48BD-B740-FDE33DD13CE9}.Debug|Any CPU.Build.0 = Debug|Any CPU
		{1CD02985-B811-48BD-B740-FDE33DD13CE9}.Release|Any CPU.ActiveCfg = Release|Any CPU
		{1CD02985-B811-48BD-B740-FDE33DD13CE9}.Release|Any CPU.Build.0 = Release|Any CPU
		{1B1A12B5-4376-4EAC-B1C0-C65753A6F146}.Debug|Any CPU.ActiveCfg = Debug|Any CPU
		{1B1A12B5-4376-4EAC-B1C0-C65753A6F146}.Debug|Any CPU.Build.0 = Debug|Any CPU
		{1B1A12B5-4376-4EAC-B1C0-C65753A6F146}.Release|Any CPU.ActiveCfg = Release|Any CPU
		{1B1A12B5-4376-4EAC-B1C0-C65753A6F146}.Release|Any CPU.Build.0 = Release|Any CPU
		{F36483F1-C9FD-4DC0-822F-172FBFFEBE03}.Debug|Any CPU.ActiveCfg = Debug|Any CPU
		{F36483F1-C9FD-4DC0-822F-172FBFFEBE03}.Debug|Any CPU.Build.0 = Debug|Any CPU
		{F36483F1-C9FD-4DC0-822F-172FBFFEBE03}.Release|Any CPU.ActiveCfg = Release|Any CPU
		{F36483F1-C9FD-4DC0-822F-172FBFFEBE03}.Release|Any CPU.Build.0 = Release|Any CPU
		{0CFBE6EB-DFA0-416C-8484-16CC7BF42F61}.Debug|Any CPU.ActiveCfg = Debug|Any CPU
		{0CFBE6EB-DFA0-416C-8484-16CC7BF42F61}.Debug|Any CPU.Build.0 = Debug|Any CPU
		{0CFBE6EB-DFA0-416C-8484-16CC7BF42F61}.Release|Any CPU.ActiveCfg = Release|Any CPU
		{0CFBE6EB-DFA0-416C-8484-16CC7BF42F61}.Release|Any CPU.Build.0 = Release|Any CPU
		{4F7BDE7C-3CC9-47E4-8DA6-A32CA04D1056}.Debug|Any CPU.ActiveCfg = Debug|Any CPU
		{4F7BDE7C-3CC9-47E4-8DA6-A32CA04D1056}.Debug|Any CPU.Build.0 = Debug|Any CPU
		{4F7BDE7C-3CC9-47E4-8DA6-A32CA04D1056}.Release|Any CPU.ActiveCfg = Release|Any CPU
		{4F7BDE7C-3CC9-47E4-8DA6-A32CA04D1056}.Release|Any CPU.Build.0 = Release|Any CPU
		{632AB373-8C60-499F-AF0E-EF9348E3B0E1}.Debug|Any CPU.ActiveCfg = Debug|Any CPU
		{632AB373-8C60-499F-AF0E-EF9348E3B0E1}.Debug|Any CPU.Build.0 = Debug|Any CPU
		{632AB373-8C60-499F-AF0E-EF9348E3B0E1}.Release|Any CPU.ActiveCfg = Release|Any CPU
		{632AB373-8C60-499F-AF0E-EF9348E3B0E1}.Release|Any CPU.Build.0 = Release|Any CPU
		{2A909E4D-6493-4D36-9FDE-786B89F9A387}.Debug|Any CPU.ActiveCfg = Debug|Any CPU
		{2A909E4D-6493-4D36-9FDE-786B89F9A387}.Debug|Any CPU.Build.0 = Debug|Any CPU
		{2A909E4D-6493-4D36-9FDE-786B89F9A387}.Release|Any CPU.ActiveCfg = Release|Any CPU
		{2A909E4D-6493-4D36-9FDE-786B89F9A387}.Release|Any CPU.Build.0 = Release|Any CPU
		{06D8931D-3B62-4DFB-8CE3-F1FD70BE0798}.Debug|Any CPU.ActiveCfg = Debug|Any CPU
		{06D8931D-3B62-4DFB-8CE3-F1FD70BE0798}.Debug|Any CPU.Build.0 = Debug|Any CPU
		{06D8931D-3B62-4DFB-8CE3-F1FD70BE0798}.Release|Any CPU.ActiveCfg = Release|Any CPU
		{06D8931D-3B62-4DFB-8CE3-F1FD70BE0798}.Release|Any CPU.Build.0 = Release|Any CPU
		{A2E56718-3D0F-41A6-AD16-FDABAFE35124}.Debug|Any CPU.ActiveCfg = Debug|Any CPU
		{A2E56718-3D0F-41A6-AD16-FDABAFE35124}.Debug|Any CPU.Build.0 = Debug|Any CPU
		{A2E56718-3D0F-41A6-AD16-FDABAFE35124}.Release|Any CPU.ActiveCfg = Release|Any CPU
		{A2E56718-3D0F-41A6-AD16-FDABAFE35124}.Release|Any CPU.Build.0 = Release|Any CPU
		{9F56D3C2-4085-4D85-B363-D30D0122038B}.Debug|Any CPU.ActiveCfg = Debug|Any CPU
		{9F56D3C2-4085-4D85-B363-D30D0122038B}.Debug|Any CPU.Build.0 = Debug|Any CPU
		{9F56D3C2-4085-4D85-B363-D30D0122038B}.Release|Any CPU.ActiveCfg = Release|Any CPU
		{9F56D3C2-4085-4D85-B363-D30D0122038B}.Release|Any CPU.Build.0 = Release|Any CPU
		{369FC2FF-B783-436E-B860-1FC4FD6A0908}.Debug|Any CPU.ActiveCfg = Debug|Any CPU
		{369FC2FF-B783-436E-B860-1FC4FD6A0908}.Debug|Any CPU.Build.0 = Debug|Any CPU
		{369FC2FF-B783-436E-B860-1FC4FD6A0908}.Release|Any CPU.ActiveCfg = Release|Any CPU
		{369FC2FF-B783-436E-B860-1FC4FD6A0908}.Release|Any CPU.Build.0 = Release|Any CPU
		{6B6D1F18-EABE-4219-B86A-D18FB61C9DE0}.Debug|Any CPU.ActiveCfg = Debug|Any CPU
		{6B6D1F18-EABE-4219-B86A-D18FB61C9DE0}.Debug|Any CPU.Build.0 = Debug|Any CPU
		{6B6D1F18-EABE-4219-B86A-D18FB61C9DE0}.Release|Any CPU.ActiveCfg = Release|Any CPU
		{6B6D1F18-EABE-4219-B86A-D18FB61C9DE0}.Release|Any CPU.Build.0 = Release|Any CPU
		{7A1B3F9D-ED52-472E-9F1A-F3A8DA76CA34}.Debug|Any CPU.ActiveCfg = Debug|Any CPU
		{7A1B3F9D-ED52-472E-9F1A-F3A8DA76CA34}.Debug|Any CPU.Build.0 = Debug|Any CPU
		{7A1B3F9D-ED52-472E-9F1A-F3A8DA76CA34}.Release|Any CPU.ActiveCfg = Release|Any CPU
		{7A1B3F9D-ED52-472E-9F1A-F3A8DA76CA34}.Release|Any CPU.Build.0 = Release|Any CPU
		{C9BD8098-E922-4F22-9BCC-223070F1CA39}.Debug|Any CPU.ActiveCfg = Debug|Any CPU
		{C9BD8098-E922-4F22-9BCC-223070F1CA39}.Debug|Any CPU.Build.0 = Debug|Any CPU
		{C9BD8098-E922-4F22-9BCC-223070F1CA39}.Release|Any CPU.ActiveCfg = Release|Any CPU
		{C9BD8098-E922-4F22-9BCC-223070F1CA39}.Release|Any CPU.Build.0 = Release|Any CPU
		{3C63EE66-659F-46A5-9092-DE4C5E02FAED}.Debug|Any CPU.ActiveCfg = Debug|Any CPU
		{3C63EE66-659F-46A5-9092-DE4C5E02FAED}.Debug|Any CPU.Build.0 = Debug|Any CPU
		{3C63EE66-659F-46A5-9092-DE4C5E02FAED}.Release|Any CPU.ActiveCfg = Release|Any CPU
		{3C63EE66-659F-46A5-9092-DE4C5E02FAED}.Release|Any CPU.Build.0 = Release|Any CPU
		{8C580647-C8E4-40A3-ACF3-E35387E08225}.Debug|Any CPU.ActiveCfg = Debug|Any CPU
		{8C580647-C8E4-40A3-ACF3-E35387E08225}.Debug|Any CPU.Build.0 = Debug|Any CPU
		{8C580647-C8E4-40A3-ACF3-E35387E08225}.Release|Any CPU.ActiveCfg = Release|Any CPU
		{8C580647-C8E4-40A3-ACF3-E35387E08225}.Release|Any CPU.Build.0 = Release|Any CPU
	EndGlobalSection
	GlobalSection(SolutionProperties) = preSolution
		HideSolutionNode = FALSE
	EndGlobalSection
	GlobalSection(NestedProjects) = preSolution
		{369FC2FF-B783-436E-B860-1FC4FD6A0908} = {5535925D-D6B8-42CE-BC61-16C468070D8F}
		{F36483F1-C9FD-4DC0-822F-172FBFFEBE03} = {5535925D-D6B8-42CE-BC61-16C468070D8F}
		{0CFBE6EB-DFA0-416C-8484-16CC7BF42F61} = {5535925D-D6B8-42CE-BC61-16C468070D8F}
		{A2E56718-3D0F-41A6-AD16-FDABAFE35124} = {5535925D-D6B8-42CE-BC61-16C468070D8F}
		{9F56D3C2-4085-4D85-B363-D30D0122038B} = {5535925D-D6B8-42CE-BC61-16C468070D8F}
		{1CD02985-B811-48BD-B740-FDE33DD13CE9} = {5535925D-D6B8-42CE-BC61-16C468070D8F}
		{2A909E4D-6493-4D36-9FDE-786B89F9A387} = {B383AC52-DEB0-4D04-A2C5-49AAF9E1D048}
		{1B1A12B5-4376-4EAC-B1C0-C65753A6F146} = {B383AC52-DEB0-4D04-A2C5-49AAF9E1D048}
		{7A1B3F9D-ED52-472E-9F1A-F3A8DA76CA34} = {E9E97FCB-1596-4704-B9FF-251FADB71B00}
		{C9BD8098-E922-4F22-9BCC-223070F1CA39} = {E9E97FCB-1596-4704-B9FF-251FADB71B00}
		{6B6D1F18-EABE-4219-B86A-D18FB61C9DE0} = {E9E97FCB-1596-4704-B9FF-251FADB71B00}
		{3C63EE66-659F-46A5-9092-DE4C5E02FAED} = {E9E97FCB-1596-4704-B9FF-251FADB71B00}
		{4F7BDE7C-3CC9-47E4-8DA6-A32CA04D1056} = {D3749B5D-612D-4CD7-A1DF-B37D7DC884CE}
		{632AB373-8C60-499F-AF0E-EF9348E3B0E1} = {D3749B5D-612D-4CD7-A1DF-B37D7DC884CE}
		{8C580647-C8E4-40A3-ACF3-E35387E08225} = {D3749B5D-612D-4CD7-A1DF-B37D7DC884CE}
	EndGlobalSection
EndGlobal
